github.com/wyatt915/treeblood v0.1.16 h1:byxNbWZhnPDxdTp7W5kQhCeaY8RBVmojTFz1tEHgg8Y=
github.com/wyatt915/treeblood v0.1.16/go.mod h1:i7+yhhmzdDP17/97pIsOSffw74EK/xk+qJ0029cSXUY=
github.com/yuin/goldmark v1.8.4 h1:oat/nd3U6NeQqFEL3xpEJq7d7c86NI+DbSNGAs4xnjA=
github.com/yuin/goldmark v1.8.4/go.mod h1:ip/1k0VRfGynBgxOz0yCqHrbZXhcjxyuS66Brc7iBKg=
